
Microsoft Visual Studio Solution File, Format Version 12.00
# Visual Studio Version 17
VisualStudioVersion = 17.5.33627.172
MinimumVisualStudioVersion = 10.0.40219.1
Project("{FAE04EC0-301F-11D3-BF4B-00C04F79EFBC}") = "OpenMagazine", "OpenMagazine\OpenMagazine.csproj", "{9105A719-2850-49C7-89B3-A627D7F2ADDD}"
EndProject
Global
	GlobalSection(SolutionProperties) = preSolution
		HideSolutionNode = FALSE
	EndGlobalSection
	GlobalSection(ExtensibilityGlobals) = postSolution
		SolutionGuid = {956B5358-3EFC-4114-876A-E8901C472F2A}
	EndGlobalSection
	GlobalSection(SolutionConfigurationPlatforms) = preSolution
		Debug|Any CPU = Debug|Any CPU
		Debug|x64 = Debug|x64
		Debug|x86 = Debug|x86
		Release|Any CPU = Release|Any CPU
		Release|x64 = Release|x64
		Release|x86 = Release|x86
	EndGlobalSection
	GlobalSection(ProjectConfigurationPlatforms) = postSolution
		{9105A719-2850-49C7-89B3-A627D7F2ADDD}.Debug|Any CPU.ActiveCfg = Debug|Any CPU
		{9105A719-2850-49C7-89B3-A627D7F2ADDD}.Debug|Any CPU.Build.0 = Debug|Any CPU
		{9105A719-2850-49C7-89B3-A627D7F2ADDD}.Debug|x64.ActiveCfg = Debug|Any CPU
		{9105A719-2850-49C7-89B3-A627D7F2ADDD}.Debug|x64.Build.0 = Debug|Any CPU
		{9105A719-2850-49C7-89B3-A627D7F2ADDD}.Debug|x86.ActiveCfg = Debug|Any CPU
		{9105A719-2850-49C7-89B3-A627D7F2ADDD}.Debug|x86.Build.0 = Debug|Any CPU
		{9105A719-2850-49C7-89B3-A627D7F2ADDD}.Release|Any CPU.ActiveCfg = Release|Any CPU
		{9105A719-2850-49C7-89B3-A627D7F2ADDD}.Release|Any CPU.Build.0 = Release|Any CPU
		{9105A719-2850-49C7-89B3-A627D7F2ADDD}.Release|x64.ActiveCfg = Release|Any CPU
		{9105A719-2850-49C7-89B3-A627D7F2ADDD}.Release|x64.Build.0 = Release|Any CPU
		{9105A719-2850-49C7-89B3-A627D7F2ADDD}.Release|x86.ActiveCfg = Release|Any CPU
		{9105A719-2850-49C7-89B3-A627D7F2ADDD}.Release|x86.Build.0 = Release|Any CPU
	EndGlobalSection
EndGlobal
